// !$*UTF8*$!
{
	archiveVersion = 1;
	classes = {
	};
	objectVersion = 46;
	objects = {

/* Begin PBXBuildFile section */
		4AF32A7D185FD12500DCDAAA /* Foundation.framework in Frameworks */ = {isa = PBXBuildFile; fileRef = 4AF32A7C185FD12500DCDAAA /* Foundation.framework */; };
		4AF32A7F185FD12500DCDAAA /* CoreGraphics.framework in Frameworks */ = {isa = PBXBuildFile; fileRef = 4AF32A7E185FD12500DCDAAA /* CoreGraphics.framework */; };
		4AF32A81185FD12500DCDAAA /* UIKit.framework in Frameworks */ = {isa = PBXBuildFile; fileRef = 4AF32A80185FD12500DCDAAA /* UIKit.framework */; };
		4AF32A87185FD12500DCDAAA /* InfoPlist.strings in Resources */ = {isa = PBXBuildFile; fileRef = 4AF32A85185FD12500DCDAAA /* InfoPlist.strings */; };
		4AF32A89185FD12500DCDAAA /* main.m in Sources */ = {isa = PBXBuildFile; fileRef = 4AF32A88185FD12500DCDAAA /* main.m */; };
		4AF32A8D185FD12500DCDAAA /* TUTAppDelegate.m in Sources */ = {isa = PBXBuildFile; fileRef = 4AF32A8C185FD12500DCDAAA /* TUTAppDelegate.m */; };
		4AF32A90185FD12500DCDAAA /* Main.storyboard in Resources */ = {isa = PBXBuildFile; fileRef = 4AF32A8E185FD12500DCDAAA /* Main.storyboard */; };
		4AF32A93185FD12500DCDAAA /* TUTViewController.m in Sources */ = {isa = PBXBuildFile; fileRef = 4AF32A92185FD12500DCDAAA /* TUTViewController.m */; };
		4AF32A95185FD12500DCDAAA /* Images.xcassets in Resources */ = {isa = PBXBuildFile; fileRef = 4AF32A94185FD12500DCDAAA /* Images.xcassets */; };
		4AF32A9C185FD12600DCDAAA /* XCTest.framework in Frameworks */ = {isa = PBXBuildFile; fileRef = 4AF32A9B185FD12600DCDAAA /* XCTest.framework */; };
		4AF32A9D185FD12600DCDAAA /* Foundation.framework in Frameworks */ = {isa = PBXBuildFile; fileRef = 4AF32A7C185FD12500DCDAAA /* Foundation.framework */; };
		4AF32A9E185FD12600DCDAAA /* UIKit.framework in Frameworks */ = {isa = PBXBuildFile; fileRef = 4AF32A80185FD12500DCDAAA /* UIKit.framework */; };
		4AF32AA6185FD12600DCDAAA /* InfoPlist.strings in Resources */ = {isa = PBXBuildFile; fileRef = 4AF32AA4185FD12600DCDAAA /* InfoPlist.strings */; };
		4AF32AA8185FD12600DCDAAA /* TUTAutolayout2Tests.m in Sources */ = {isa = PBXBuildFile; fileRef = 4AF32AA7185FD12600DCDAAA /* TUTAutolayout2Tests.m */; };
/* End PBXBuildFile section */

/* Begin PBXContainerItemProxy section */
		4AF32A9F185FD12600DCDAAA /* PBXContainerItemProxy */ = {
			isa = PBXContainerItemProxy;
			containerPortal = 4AF32A71185FD12500DCDAAA /* Project object */;
			proxyType = 1;
			remoteGlobalIDString = 4AF32A78185FD12500DCDAAA;
			remoteInfo = TUTAutolayout2;
		};
/* End PBXContainerItemProxy section */

/* Begin PBXFileReference section */
		4AF32A79185FD12500DCDAAA /* TUTAutolayout2.app */ = {isa = PBXFileReference; explicitFileType = wrapper.application; includeInIndex = 0; path = TUTAutolayout2.app; sourceTree = BUILT_PRODUCTS_DIR; };
		4AF32A7C185FD12500DCDAAA /* Foundation.framework */ = {isa = PBXFileReference; lastKnownFileType = wrapper.framework; name = Foundation.framework; path = System/Library/Frameworks/Foundation.framework; sourceTree = SDKROOT; };
		4AF32A7E185FD12500DCDAAA /* CoreGraphics.framework */ = {isa = PBXFileReference; lastKnownFileType = wrapper.framework; name = CoreGraphics.framework; path = System/Library/Frameworks/CoreGraphics.framework; sourceTree = SDKROOT; };
		4AF32A80185FD12500DCDAAA /* UIKit.framework */ = {isa = PBXFileReference; lastKnownFileType = wrapper.framework; name = UIKit.framework; path = System/Library/Frameworks/UIKit.framework; sourceTree = SDKROOT; };
		4AF32A84185FD12500DCDAAA /* TUTAutolayout2-Info.plist */ = {isa = PBXFileReference; lastKnownFileType = text.plist.xml; path = "TUTAutolayout2-Info.plist"; sourceTree = "<group>"; };
		4AF32A86185FD12500DCDAAA /* en */ = {isa = PBXFileReference; lastKnownFileType = text.plist.strings; name = en; path = en.lproj/InfoPlist.strings; sourceTree = "<group>"; };
		4AF32A88185FD12500DCDAAA /* main.m */ = {isa = PBXFileReference; lastKnownFileType = sourcecode.c.objc; path = main.m; sourceTree = "<group>"; };
		4AF32A8A185FD12500DCDAAA /* TUTAutolayout2-Prefix.pch */ = {isa = PBXFileReference; lastKnownFileType = sourcecode.c.h; path = "TUTAutolayout2-Prefix.pch"; sourceTree = "<group>"; };
		4AF32A8B185FD12500DCDAAA /* TUTAppDelegate.h */ = {isa = PBXFileReference; lastKnownFileType = sourcecode.c.h; path = TUTAppDelegate.h; sourceTree = "<group>"; };
		4AF32A8C185FD12500DCDAAA /* TUTAppDelegate.m */ = {isa = PBXFileReference; lastKnownFileType = sourcecode.c.objc; path = TUTAppDelegate.m; sourceTree = "<group>"; };
		4AF32A8F185FD12500DCDAAA /* Base */ = {isa = PBXFileReference; lastKnownFileType = file.storyboard; name = Base; path = Base.lproj/Main.storyboard; sourceTree = "<group>"; };
		4AF32A91185FD12500DCDAAA /* TUTViewController.h */ = {isa = PBXFileReference; lastKnownFileType = sourcecode.c.h; path = TUTViewController.h; sourceTree = "<group>"; };
		4AF32A92185FD12500DCDAAA /* TUTViewController.m */ = {isa = PBXFileReference; lastKnownFileType = sourcecode.c.objc; path = TUTViewController.m; sourceTree = "<group>"; };
		4AF32A94185FD12500DCDAAA /* Images.xcassets */ = {isa = PBXFileReference; lastKnownFileType = folder.assetcatalog; path = Images.xcassets; sourceTree = "<group>"; };
		4AF32A9A185FD12600DCDAAA /* TUTAutolayout2Tests.xctest */ = {isa = PBXFileReference; explicitFileType = wrapper.cfbundle; includeInIndex = 0; path = TUTAutolayout2Tests.xctest; sourceTree = BUILT_PRODUCTS_DIR; };
		4AF32A9B185FD12600DCDAAA /* XCTest.framework */ = {isa = PBXFileReference; lastKnownFileType = wrapper.framework; name = XCTest.framework; path = Library/Frameworks/XCTest.framework; sourceTree = DEVELOPER_DIR; };
		4AF32AA3185FD12600DCDAAA /* TUTAutolayout2Tests-Info.plist */ = {isa = PBXFileReference; lastKnownFileType = text.plist.xml; path = "TUTAutolayout2Tests-Info.plist"; sourceTree = "<group>"; };
		4AF32AA5185FD12600DCDAAA /* en */ = {isa = PBXFileReference; lastKnownFileType = text.plist.strings; name = en; path = en.lproj/InfoPlist.strings; sourceTree = "<group>"; };
		4AF32AA7185FD12600DCDAAA /* TUTAutolayout2Tests.m */ = {isa = PBXFileReference; lastKnownFileType = sourcecode.c.objc; path = TUTAutolayout2Tests.m; sourceTree = "<group>"; };
/* End PBXFileReference section */

/* Begin PBXFrameworksBuildPhase section */
		4AF32A76185FD12500DCDAAA /* Frameworks */ = {
			isa = PBXFrameworksBuildPhase;
			buildActionMask = 2147483647;
			files = (
				4AF32A7F185FD12500DCDAAA /* CoreGraphics.framework in Frameworks */,
				4AF32A81185FD12500DCDAAA /* UIKit.framework in Frameworks */,
				4AF32A7D185FD12500DCDAAA /* Foundation.framework in Frameworks */,
			);
			runOnlyForDeploymentPostprocessing = 0;
		};
		4AF32A97185FD12600DCDAAA /* Frameworks */ = {
			isa = PBXFrameworksBuildPhase;
			buildActionMask = 2147483647;
			files = (
				4AF32A9C185FD12600DCDAAA /* XCTest.framework in Frameworks */,
				4AF32A9E185FD12600DCDAAA /* UIKit.framework in Frameworks */,
				4AF32A9D185FD12600DCDAAA /* Foundation.framework in Frameworks */,
			);
			runOnlyForDeploymentPostprocessing = 0;
		};
/* End PBXFrameworksBuildPhase section */

/* Begin PBXGroup section */
		4AF32A70185FD12500DCDAAA = {
			isa = PBXGroup;
			children = (
				4AF32A82185FD12500DCDAAA /* TUTAutolayout2 */,
				4AF32AA1185FD12600DCDAAA /* TUTAutolayout2Tests */,
				4AF32A7B185FD12500DCDAAA /* Frameworks */,
				4AF32A7A185FD12500DCDAAA /* Products */,
			);
			sourceTree = "<group>";
		};
		4AF32A7A185FD12500DCDAAA /* Products */ = {
			isa = PBXGroup;
			children = (
				4AF32A79185FD12500DCDAAA /* TUTAutolayout2.app */,
				4AF32A9A185FD12600DCDAAA /* TUTAutolayout2Tests.xctest */,
			);
			name = Products;
			sourceTree = "<group>";
		};
		4AF32A7B185FD12500DCDAAA /* Frameworks */ = {
			isa = PBXGroup;
			children = (
				4AF32A7C185FD12500DCDAAA /* Foundation.framework */,
				4AF32A7E185FD12500DCDAAA /* CoreGraphics.framework */,
				4AF32A80185FD12500DCDAAA /* UIKit.framework */,
				4AF32A9B185FD12600DCDAAA /* XCTest.framework */,
			);
			name = Frameworks;
			sourceTree = "<group>";
		};
		4AF32A82185FD12500DCDAAA /* TUTAutolayout2 */ = {
			isa = PBXGroup;
			children = (
				4AF32A8B185FD12500DCDAAA /* TUTAppDelegate.h */,
				4AF32A8C185FD12500DCDAAA /* TUTAppDelegate.m */,
				4AF32A8E185FD12500DCDAAA /* Main.storyboard */,
				4AF32A91185FD12500DCDAAA /* TUTViewController.h */,
				4AF32A92185FD12500DCDAAA /* TUTViewController.m */,
				4AF32A94185FD12500DCDAAA /* Images.xcassets */,
				4AF32A83185FD12500DCDAAA /* Supporting Files */,
			);
			path = TUTAutolayout2;
			sourceTree = "<group>";
		};
		4AF32A83185FD12500DCDAAA /* Supporting Files */ = {
			isa = PBXGroup;
			children = (
				4AF32A84185FD12500DCDAAA /* TUTAutolayout2-Info.plist */,
				4AF32A85185FD12500DCDAAA /* InfoPlist.strings */,
				4AF32A88185FD12500DCDAAA /* main.m */,
				4AF32A8A185FD12500DCDAAA /* TUTAutolayout2-Prefix.pch */,
			);
			name = "Supporting Files";
			sourceTree = "<group>";
		};
		4AF32AA1185FD12600DCDAAA /* TUTAutolayout2Tests */ = {
			isa = PBXGroup;
			children = (
				4AF32AA7185FD12600DCDAAA /* TUTAutolayout2Tests.m */,
				4AF32AA2185FD12600DCDAAA /* Supporting Files */,
			);
			path = TUTAutolayout2Tests;
			sourceTree = "<group>";
		};
		4AF32AA2185FD12600DCDAAA /* Supporting Files */ = {
			isa = PBXGroup;
			children = (
				4AF32AA3185FD12600DCDAAA /* TUTAutolayout2Tests-Info.plist */,
				4AF32AA4185FD12600DCDAAA /* InfoPlist.strings */,
			);
			name = "Supporting Files";
			sourceTree = "<group>";
		};
/* End PBXGroup section */

/* Begin PBXNativeTarget section */
		4AF32A78185FD12500DCDAAA /* TUTAutolayout2 */ = {
			isa = PBXNativeTarget;
			buildConfigurationList = 4AF32AAB185FD12600DCDAAA /* Build configuration list for PBXNativeTarget "TUTAutolayout2" */;
			buildPhases = (
				4AF32A75185FD12500DCDAAA /* Sources */,
				4AF32A76185FD12500DCDAAA /* Frameworks */,
				4AF32A77185FD12500DCDAAA /* Resources */,
			);
			buildRules = (
			);
			dependencies = (
			);
			name = TUTAutolayout2;
			productName = TUTAutolayout2;
			productReference = 4AF32A79185FD12500DCDAAA /* TUTAutolayout2.app */;
			productType = "com.apple.product-type.application";
		};
		4AF32A99185FD12600DCDAAA /* TUTAutolayout2Tests */ = {
			isa = PBXNativeTarget;
			buildConfigurationList = 4AF32AAE185FD12600DCDAAA /* Build configuration list for PBXNativeTarget "TUTAutolayout2Tests" */;
			buildPhases = (
				4AF32A96185FD12600DCDAAA /* Sources */,
				4AF32A97185FD12600DCDAAA /* Frameworks */,
				4AF32A98185FD12600DCDAAA /* Resources */,
			);
			buildRules = (
			);
			dependencies = (
				4AF32AA0185FD12600DCDAAA /* PBXTargetDependency */,
			);
			name = TUTAutolayout2Tests;
			productName = TUTAutolayout2Tests;
			productReference = 4AF32A9A185FD12600DCDAAA /* TUTAutolayout2Tests.xctest */;
			productType = "com.apple.product-type.bundle.unit-test";
		};
/* End PBXNativeTarget section */

/* Begin PBXProject section */
		4AF32A71185FD12500DCDAAA /* Project object */ = {
			isa = PBXProject;
			attributes = {
				CLASSPREFIX = TUT;
				LastUpgradeCheck = 0500;
				ORGANIZATIONNAME = "Brad Woodard";
				TargetAttributes = {
					4AF32A99185FD12600DCDAAA = {
						TestTargetID = 4AF32A78185FD12500DCDAAA;
					};
				};
			};
			buildConfigurationList = 4AF32A74185FD12500DCDAAA /* Build configuration list for PBXProject "TUTAutolayout2" */;
			compatibilityVersion = "Xcode 3.2";
			developmentRegion = English;
			hasScannedForEncodings = 0;
			knownRegions = (
				en,
				Base,
			);
			mainGroup = 4AF32A70185FD12500DCDAAA;
			productRefGroup = 4AF32A7A185FD12500DCDAAA /* Products */;
			projectDirPath = "";
			projectRoot = "";
			targets = (
				4AF32A78185FD12500DCDAAA /* TUTAutolayout2 */,
				4AF32A99185FD12600DCDAAA /* TUTAutolayout2Tests */,
			);
		};
/* End PBXProject section */

/* Begin PBXResourcesBuildPhase section */
		4AF32A77185FD12500DCDAAA /* Resources */ = {
			isa = PBXResourcesBuildPhase;
			buildActionMask = 2147483647;
			files = (
				4AF32A95185FD12500DCDAAA /* Images.xcassets in Resources */,
				4AF32A87185FD12500DCDAAA /* InfoPlist.strings in Resources */,
				4AF32A90185FD12500DCDAAA /* Main.storyboard in Resources */,
			);
			runOnlyForDeploymentPostprocessing = 0;
		};
		4AF32A98185FD12600DCDAAA /* Resources */ = {
			isa = PBXResourcesBuildPhase;
			buildActionMask = 2147483647;
			files = (
				4AF32AA6185FD12600DCDAAA /* InfoPlist.strings in Resources */,
			);
			runOnlyForDeploymentPostprocessing = 0;
		};
/* End PBXResourcesBuildPhase section */

/* Begin PBXSourcesBuildPhase section */
		4AF32A75185FD12500DCDAAA /* Sources */ = {
			isa = PBXSourcesBuildPhase;
			buildActionMask = 2147483647;
			files = (
				4AF32A8D185FD12500DCDAAA /* TUTAppDelegate.m in Sources */,
				4AF32A89185FD12500DCDAAA /* main.m in Sources */,
				4AF32A93185FD12500DCDAAA /* TUTViewController.m in Sources */,
			);
			runOnlyForDeploymentPostprocessing = 0;
		};
		4AF32A96185FD12600DCDAAA /* Sources */ = {
			isa = PBXSourcesBuildPhase;
			buildActionMask = 2147483647;
			files = (
				4AF32AA8185FD12600DCDAAA /* TUTAutolayout2Tests.m in Sources */,
			);
			runOnlyForDeploymentPostprocessing = 0;
		};
/* End PBXSourcesBuildPhase section */

/* Begin PBXTargetDependency section */
		4AF32AA0185FD12600DCDAAA /* PBXTargetDependency */ = {
			isa = PBXTargetDependency;
			target = 4AF32A78185FD12500DCDAAA /* TUTAutolayout2 */;
			targetProxy = 4AF32A9F185FD12600DCDAAA /* PBXContainerItemProxy */;
		};
/* End PBXTargetDependency section */

/* Begin PBXVariantGroup section */
		4AF32A85185FD12500DCDAAA /* InfoPlist.strings */ = {
			isa = PBXVariantGroup;
			children = (
				4AF32A86185FD12500DCDAAA /* en */,
			);
			name = InfoPlist.strings;
			sourceTree = "<group>";
		};
		4AF32A8E185FD12500DCDAAA /* Main.storyboard */ = {
			isa = PBXVariantGroup;
			children = (
				4AF32A8F185FD12500DCDAAA /* Base */,
			);
			name = Main.storyboard;
			sourceTree = "<group>";
		};
		4AF32AA4185FD12600DCDAAA /* InfoPlist.strings */ = {
			isa = PBXVariantGroup;
			children = (
				4AF32AA5185FD12600DCDAAA /* en */,
			);
			name = InfoPlist.strings;
			sourceTree = "<group>";
		};
/* End PBXVariantGroup section */

/* Begin XCBuildConfiguration section */
		4AF32AA9185FD12600DCDAAA /* Debug */ = {
			isa = XCBuildConfiguration;
			buildSettings = {
				ALWAYS_SEARCH_USER_PATHS = NO;
				ARCHS = "$(ARCHS_STANDARD_INCLUDING_64_BIT)";
				CLANG_CXX_LANGUAGE_STANDARD = "gnu++0x";
				CLANG_CXX_LIBRARY = "libc++";
				CLANG_ENABLE_MODULES = YES;
				CLANG_ENABLE_OBJC_ARC = YES;
				CLANG_WARN_BOOL_CONVERSION = YES;
				CLANG_WARN_CONSTANT_CONVERSION = YES;
				CLANG_WARN_DIRECT_OBJC_ISA_USAGE = YES_ERROR;
				CLANG_WARN_EMPTY_BODY = YES;
				CLANG_WARN_ENUM_CONVERSION = YES;
				CLANG_WARN_INT_CONVERSION = YES;
				CLANG_WARN_OBJC_ROOT_CLASS = YES_ERROR;
				CLANG_WARN__DUPLICATE_METHOD_MATCH = YES;
				"CODE_SIGN_IDENTITY[sdk=iphoneos*]" = "iPhone Developer";
				COPY_PHASE_STRIP = NO;
				GCC_C_LANGUAGE_STANDARD = gnu99;
				GCC_DYNAMIC_NO_PIC = NO;
				GCC_OPTIMIZATION_LEVEL = 0;
				GCC_PREPROCESSOR_DEFINITIONS = (
					"DEBUG=1",
					"$(inherited)",
				);
				GCC_SYMBOLS_PRIVATE_EXTERN = NO;
				GCC_WARN_64_TO_32_BIT_CONVERSION = YES;
				GCC_WARN_ABOUT_RETURN_TYPE = YES_ERROR;
				GCC_WARN_UNDECLARED_SELECTOR = YES;
				GCC_WARN_UNINITIALIZED_AUTOS = YES;
				GCC_WARN_UNUSED_FUNCTION = YES;
				GCC_WARN_UNUSED_VARIABLE = YES;
				IPHONEOS_DEPLOYMENT_TARGET = 7.0;
				ONLY_ACTIVE_ARCH = YES;
				SDKROOT = iphoneos;
			};
			name = Debug;
		};
		4AF32AAA185FD12600DCDAAA /* Release */ = {
			isa = XCBuildConfiguration;
			buildSettings = {
				ALWAYS_SEARCH_USER_PATHS = NO;
				ARCHS = "$(ARCHS_STANDARD_INCLUDING_64_BIT)";
				CLANG_CXX_LANGUAGE_STANDARD = "gnu++0x";
				CLANG_CXX_LIBRARY = "libc++";
				CLANG_ENABLE_MODULES = YES;
				CLANG_ENABLE_OBJC_ARC = YES;
				CLANG_WARN_BOOL_CONVERSION = YES;
				CLANG_WARN_CONSTANT_CONVERSION = YES;
				CLANG_WARN_DIRECT_OBJC_ISA_USAGE = YES_ERROR;
				CLANG_WARN_EMPTY_BODY = YES;
				CLANG_WARN_ENUM_CONVERSION = YES;
				CLANG_WARN_INT_CONVERSION = YES;
				CLANG_WARN_OBJC_ROOT_CLASS = YES_ERROR;
				CLANG_WARN__DUPLICATE_METHOD_MATCH = YES;
				"CODE_SIGN_IDENTITY[sdk=iphoneos*]" = "iPhone Developer";
				COPY_PHASE_STRIP = YES;
				ENABLE_NS_ASSERTIONS = NO;
				GCC_C_LANGUAGE_STANDARD = gnu99;
				GCC_WARN_64_TO_32_BIT_CONVERSION = YES;
				GCC_WARN_ABOUT_RETURN_TYPE = YES_ERROR;
				GCC_WARN_UNDECLARED_SELECTOR = YES;
				GCC_WARN_UNINITIALIZED_AUTOS = YES;
				GCC_WARN_UNUSED_FUNCTION = YES;
				GCC_WARN_UNUSED_VARIABLE = YES;
				IPHONEOS_DEPLOYMENT_TARGET = 7.0;
				SDKROOT = iphoneos;
				VALIDATE_PRODUCT = YES;
			};
			name = Release;
		};
		4AF32AAC185FD12600DCDAAA /* Debug */ = {
			isa = XCBuildConfiguration;
			buildSettings = {
				ASSETCATALOG_COMPILER_APPICON_NAME = AppIcon;
				ASSETCATALOG_COMPILER_LAUNCHIMAGE_NAME = LaunchImage;
				GCC_PRECOMPILE_PREFIX_HEADER = YES;
				GCC_PREFIX_HEADER = "TUTAutolayout2/TUTAutolayout2-Prefix.pch";
				INFOPLIST_FILE = "TUTAutolayout2/TUTAutolayout2-Info.plist";
				PRODUCT_NAME = "$(TARGET_NAME)";
				WRAPPER_EXTENSION = app;
			};
			name = Debug;
		};
		4AF32AAD185FD12600DCDAAA /* Release */ = {
			isa = XCBuildConfiguration;
			buildSettings = {
				ASSETCATALOG_COMPILER_APPICON_NAME = AppIcon;
				ASSETCATALOG_COMPILER_LAUNCHIMAGE_NAME = LaunchImage;
				GCC_PRECOMPILE_PREFIX_HEADER = YES;
				GCC_PREFIX_HEADER = "TUTAutolayout2/TUTAutolayout2-Prefix.pch";
				INFOPLIST_FILE = "TUTAutolayout2/TUTAutolayout2-Info.plist";
				PRODUCT_NAME = "$(TARGET_NAME)";
				WRAPPER_EXTENSION = app;
			};
			name = Release;
		};
		4AF32AAF185FD12600DCDAAA /* Debug */ = {
			isa = XCBuildConfiguration;
			buildSettings = {
				ARCHS = "$(ARCHS_STANDARD_INCLUDING_64_BIT)";
				BUNDLE_LOADER = "$(BUILT_PRODUCTS_DIR)/TUTAutolayout2.app/TUTAutolayout2";
				FRAMEWORK_SEARCH_PATHS = (
					"$(SDKROOT)/Developer/Library/Frameworks",
					"$(inherited)",
					"$(DEVELOPER_FRAMEWORKS_DIR)",
				);
				GCC_PRECOMPILE_PREFIX_HEADER = YES;
				GCC_PREFIX_HEADER = "TUTAutolayout2/TUTAutolayout2-Prefix.pch";
				GCC_PREPROCESSOR_DEFINITIONS = (
					"DEBUG=1",
					"$(inherited)",
				);
				INFOPLIST_FILE = "TUTAutolayout2Tests/TUTAutolayout2Tests-Info.plist";
				PRODUCT_NAME = "$(TARGET_NAME)";
				TEST_HOST = "$(BUNDLE_LOADER)";
				WRAPPER_EXTENSION = xctest;
			};
			name = Debug;
		};
		4AF32AB0185FD12600DCDAAA /* Release */ = {
			isa = XCBuildConfiguration;
			buildSettings = {
				ARCHS = "$(ARCHS_STANDARD_INCLUDING_64_BIT)";
				BUNDLE_LOADER = "$(BUILT_PRODUCTS_DIR)/TUTAutolayout2.app/TUTAutolayout2";
				FRAMEWORK_SEARCH_PATHS = (
					"$(SDKROOT)/Developer/Library/Frameworks",
					"$(inherited)",
					"$(DEVELOPER_FRAMEWORKS_DIR)",
				);
				GCC_PRECOMPILE_PREFIX_HEADER = YES;
				GCC_PREFIX_HEADER = "TUTAutolayout2/TUTAutolayout2-Prefix.pch";
				INFOPLIST_FILE = "TUTAutolayout2Tests/TUTAutolayout2Tests-Info.plist";
				PRODUCT_NAME = "$(TARGET_NAME)";
				TEST_HOST = "$(BUNDLE_LOADER)";
				WRAPPER_EXTENSION = xctest;
			};
			name = Release;
		};
/* End XCBuildConfiguration section */

/* Begin XCConfigurationList section */
		4AF32A74185FD12500DCDAAA /* Build configuration list for PBXProject "TUTAutolayout2" */ = {
			isa = XCConfigurationList;
			buildConfigurations = (
				4AF32AA9185FD12600DCDAAA /* Debug */,
				4AF32AAA185FD12600DCDAAA /* Release */,
			);
			defaultConfigurationIsVisible = 0;
			defaultConfigurationName = Release;
		};
		4AF32AAB185FD12600DCDAAA /* Build configuration list for PBXNativeTarget "TUTAutolayout2" */ = {
			isa = XCConfigurationList;
			buildConfigurations = (
				4AF32AAC185FD12600DCDAAA /* Debug */,
				4AF32AAD185FD12600DCDAAA /* Release */,
			);
			defaultConfigurationIsVisible = 0;
		};
		4AF32AAE185FD12600DCDAAA /* Build configuration list for PBXNativeTarget "TUTAutolayout2Tests" */ = {
			isa = XCConfigurationList;
			buildConfigurations = (
				4AF32AAF185FD12600DCDAAA /* Debug */,
				4AF32AB0185FD12600DCDAAA /* Release */,
			);
			defaultConfigurationIsVisible = 0;
		};
/* End XCConfigurationList section */
	};
	rootObject = 4AF32A71185FD12500DCDAAA /* Project object */;
}
